
Microsoft Visual Studio Solution File, Format Version 12.00
# Visual Studio Version 17
VisualStudioVersion = 17.7.34221.43
MinimumVisualStudioVersion = 10.0.40219.1
Project("{FAE04EC0-301F-11D3-BF4B-00C04F79EFBC}") = "ArabaSatisi", "ArabaSatisi\ArabaSatisi.csproj", "{BA4B2E3E-040A-4D5E-B375-BA8AD4003C98}"
EndProject
Global
	GlobalSection(SolutionConfigurationPlatforms) = preSolution
		Debug|Any CPU = Debug|Any CPU
		Release|Any CPU = Release|Any CPU
	EndGlobalSection
	GlobalSection(ProjectConfigurationPlatforms) = postSolution
		{BA4B2E3E-040A-4D5E-B375-BA8AD4003C98}.Debug|Any CPU.ActiveCfg = Debug|Any CPU
		{BA4B2E3E-040A-4D5E-B375-BA8AD4003C98}.Debug|Any CPU.Build.0 = Debug|Any CPU
		{BA4B2E3E-040A-4D5E-B375-BA8AD4003C98}.Release|Any CPU.ActiveCfg = Release|Any CPU
		{BA4B2E3E-040A-4D5E-B375-BA8AD4003C98}.Release|Any CPU.Build.0 = Release|Any CPU
	EndGlobalSection
	GlobalSection(SolutionProperties) = preSolution
		HideSolutionNode = FALSE
	EndGlobalSection
	GlobalSection(ExtensibilityGlobals) = postSolution
		SolutionGuid = {05279574-308F-4B1B-8FF8-FB227D516442}
	EndGlobalSection
EndGlobal
